
Microsoft Visual Studio Solution File, Format Version 12.00
# Visual Studio 15
VisualStudioVersion = 15.0.28010.2003
MinimumVisualStudioVersion = 10.0.40219.1
Project("{FAE04EC0-301F-11D3-BF4B-00C04F79EFBC}") = "MyRestfulApi", "MyRestfulApi\MyRestfulApi.csproj", "{292272C1-9F6A-4EE5-943C-98D282F8E329}"
EndProject
Global
	GlobalSection(SolutionConfigurationPlatforms) = preSolution
		Debug|Any CPU = Debug|Any CPU
		Release|Any CPU = Release|Any CPU
	EndGlobalSection
	GlobalSection(ProjectConfigurationPlatforms) = postSolution
		{292272C1-9F6A-4EE5-943C-98D282F8E329}.Debug|Any CPU.ActiveCfg = Debug|Any CPU
		{292272C1-9F6A-4EE5-943C-98D282F8E329}.Debug|Any CPU.Build.0 = Debug|Any CPU
		{292272C1-9F6A-4EE5-943C-98D282F8E329}.Release|Any CPU.ActiveCfg = Release|Any CPU
		{292272C1-9F6A-4EE5-943C-98D282F8E329}.Release|Any CPU.Build.0 = Release|Any CPU
	EndGlobalSection
	GlobalSection(SolutionProperties) = preSolution
		HideSolutionNode = FALSE
	EndGlobalSection
	GlobalSection(ExtensibilityGlobals) = postSolution
		SolutionGuid = {CD07EBA4-870E-471D-B5EA-CEBA6D713E02}
	EndGlobalSection
EndGlobal
